// !$*UTF8*$!
{
	archiveVersion = 1;
	classes = {
	};
	objectVersion = 56;
	objects = {

/* Begin PBXBuildFile section */
		FE0921EF2C58DF5D00C20170 /* SwiftUI_WeatherApp.swift in Sources */ = {isa = PBXBuildFile; fileRef = FE0921EE2C58DF5D00C20170 /* SwiftUI_WeatherApp.swift */; };
		FE0921F12C58DF5D00C20170 /* ContentView.swift in Sources */ = {isa = PBXBuildFile; fileRef = FE0921F02C58DF5D00C20170 /* ContentView.swift */; };
		FE0921F32C58DF5F00C20170 /* Assets.xcassets in Resources */ = {isa = PBXBuildFile; fileRef = FE0921F22C58DF5F00C20170 /* Assets.xcassets */; };
		FE0921F62C58DF5F00C20170 /* Preview Assets.xcassets in Resources */ = {isa = PBXBuildFile; fileRef = FE0921F52C58DF5F00C20170 /* Preview Assets.xcassets */; };
		FE0922002C58DF5F00C20170 /* SwiftUI_WeatherTests.swift in Sources */ = {isa = PBXBuildFile; fileRef = FE0921FF2C58DF5F00C20170 /* SwiftUI_WeatherTests.swift */; };
		FE09220A2C58DF5F00C20170 /* SwiftUI_WeatherUITests.swift in Sources */ = {isa = PBXBuildFile; fileRef = FE0922092C58DF5F00C20170 /* SwiftUI_WeatherUITests.swift */; };
		FE09220C2C58DF5F00C20170 /* SwiftUI_WeatherUITestsLaunchTests.swift in Sources */ = {isa = PBXBuildFile; fileRef = FE09220B2C58DF5F00C20170 /* SwiftUI_WeatherUITestsLaunchTests.swift */; };
/* End PBXBuildFile section */

/* Begin PBXContainerItemProxy section */
		FE0921FC2C58DF5F00C20170 /* PBXContainerItemProxy */ = {
			isa = PBXContainerItemProxy;
			containerPortal = FE0921E32C58DF5D00C20170 /* Project object */;
			proxyType = 1;
			remoteGlobalIDString = FE0921EA2C58DF5D00C20170;
			remoteInfo = "SwiftUI-Weather";
		};
		FE0922062C58DF5F00C20170 /* PBXContainerItemProxy */ = {
			isa = PBXContainerItemProxy;
			containerPortal = FE0921E32C58DF5D00C20170 /* Project object */;
			proxyType = 1;
			remoteGlobalIDString = FE0921EA2C58DF5D00C20170;
			remoteInfo = "SwiftUI-Weather";
		};
/* End PBXContainerItemProxy section */

/* Begin PBXFileReference section */
		FE0921EB2C58DF5D00C20170 /* SwiftUI-Weather.app */ = {isa = PBXFileReference; explicitFileType = wrapper.application; includeInIndex = 0; path = "SwiftUI-Weather.app"; sourceTree = BUILT_PRODUCTS_DIR; };
		FE0921EE2C58DF5D00C20170 /* SwiftUI_WeatherApp.swift */ = {isa = PBXFileReference; lastKnownFileType = sourcecode.swift; path = SwiftUI_WeatherApp.swift; sourceTree = "<group>"; };
		FE0921F02C58DF5D00C20170 /* ContentView.swift */ = {isa = PBXFileReference; lastKnownFileType = sourcecode.swift; path = ContentView.swift; sourceTree = "<group>"; };
		FE0921F22C58DF5F00C20170 /* Assets.xcassets */ = {isa = PBXFileReference; lastKnownFileType = folder.assetcatalog; path = Assets.xcassets; sourceTree = "<group>"; };
		FE0921F52C58DF5F00C20170 /* Preview Assets.xcassets */ = {isa = PBXFileReference; lastKnownFileType = folder.assetcatalog; path = "Preview Assets.xcassets"; sourceTree = "<group>"; };
		FE0921FB2C58DF5F00C20170 /* SwiftUI-WeatherTests.xctest */ = {isa = PBXFileReference; explicitFileType = wrapper.cfbundle; includeInIndex = 0; path = "SwiftUI-WeatherTests.xctest"; sourceTree = BUILT_PRODUCTS_DIR; };
		FE0921FF2C58DF5F00C20170 /* SwiftUI_WeatherTests.swift */ = {isa = PBXFileReference; lastKnownFileType = sourcecode.swift; path = SwiftUI_WeatherTests.swift; sourceTree = "<group>"; };
		FE0922052C58DF5F00C20170 /* SwiftUI-WeatherUITests.xctest */ = {isa = PBXFileReference; explicitFileType = wrapper.cfbundle; includeInIndex = 0; path = "SwiftUI-WeatherUITests.xctest"; sourceTree = BUILT_PRODUCTS_DIR; };
		FE0922092C58DF5F00C20170 /* SwiftUI_WeatherUITests.swift */ = {isa = PBXFileReference; lastKnownFileType = sourcecode.swift; path = SwiftUI_WeatherUITests.swift; sourceTree = "<group>"; };
		FE09220B2C58DF5F00C20170 /* SwiftUI_WeatherUITestsLaunchTests.swift */ = {isa = PBXFileReference; lastKnownFileType = sourcecode.swift; path = SwiftUI_WeatherUITestsLaunchTests.swift; sourceTree = "<group>"; };
/* End PBXFileReference section */

/* Begin PBXFrameworksBuildPhase section */
		FE0921E82C58DF5D00C20170 /* Frameworks */ = {
			isa = PBXFrameworksBuildPhase;
			buildActionMask = 2147483647;
			files = (
			);
			runOnlyForDeploymentPostprocessing = 0;
		};
		FE0921F82C58DF5F00C20170 /* Frameworks */ = {
			isa = PBXFrameworksBuildPhase;
			buildActionMask = 2147483647;
			files = (
			);
			runOnlyForDeploymentPostprocessing = 0;
		};
		FE0922022C58DF5F00C20170 /* Frameworks */ = {
			isa = PBXFrameworksBuildPhase;
			buildActionMask = 2147483647;
			files = (
			);
			runOnlyForDeploymentPostprocessing = 0;
		};
/* End PBXFrameworksBuildPhase section */

/* Begin PBXGroup section */
		FE0921E22C58DF5D00C20170 = {
			isa = PBXGroup;
			children = (
				FE0921ED2C58DF5D00C20170 /* SwiftUI-Weather */,
				FE0921FE2C58DF5F00C20170 /* SwiftUI-WeatherTests */,
				FE0922082C58DF5F00C20170 /* SwiftUI-WeatherUITests */,
				FE0921EC2C58DF5D00C20170 /* Products */,
			);
			sourceTree = "<group>";
		};
		FE0921EC2C58DF5D00C20170 /* Products */ = {
			isa = PBXGroup;
			children = (
				FE0921EB2C58DF5D00C20170 /* SwiftUI-Weather.app */,
				FE0921FB2C58DF5F00C20170 /* SwiftUI-WeatherTests.xctest */,
				FE0922052C58DF5F00C20170 /* SwiftUI-WeatherUITests.xctest */,
			);
			name = Products;
			sourceTree = "<group>";
		};
		FE0921ED2C58DF5D00C20170 /* SwiftUI-Weather */ = {
			isa = PBXGroup;
			children = (
				FE0921EE2C58DF5D00C20170 /* SwiftUI_WeatherApp.swift */,
				FE0921F02C58DF5D00C20170 /* ContentView.swift */,
				FE0921F22C58DF5F00C20170 /* Assets.xcassets */,
				FE0921F42C58DF5F00C20170 /* Preview Content */,
			);
			path = "SwiftUI-Weather";
			sourceTree = "<group>";
		};
		FE0921F42C58DF5F00C20170 /* Preview Content */ = {
			isa = PBXGroup;
			children = (
				FE0921F52C58DF5F00C20170 /* Preview Assets.xcassets */,
			);
			path = "Preview Content";
			sourceTree = "<group>";
		};
		FE0921FE2C58DF5F00C20170 /* SwiftUI-WeatherTests */ = {
			isa = PBXGroup;
			children = (
				FE0921FF2C58DF5F00C20170 /* SwiftUI_WeatherTests.swift */,
			);
			path = "SwiftUI-WeatherTests";
			sourceTree = "<group>";
		};
		FE0922082C58DF5F00C20170 /* SwiftUI-WeatherUITests */ = {
			isa = PBXGroup;
			children = (
				FE0922092C58DF5F00C20170 /* SwiftUI_WeatherUITests.swift */,
				FE09220B2C58DF5F00C20170 /* SwiftUI_WeatherUITestsLaunchTests.swift */,
			);
			path = "SwiftUI-WeatherUITests";
			sourceTree = "<group>";
		};
/* End PBXGroup section */

/* Begin PBXNativeTarget section */
		FE0921EA2C58DF5D00C20170 /* SwiftUI-Weather */ = {
			isa = PBXNativeTarget;
			buildConfigurationList = FE09220F2C58DF5F00C20170 /* Build configuration list for PBXNativeTarget "SwiftUI-Weather" */;
			buildPhases = (
				FE0921E72C58DF5D00C20170 /* Sources */,
				FE0921E82C58DF5D00C20170 /* Frameworks */,
				FE0921E92C58DF5D00C20170 /* Resources */,
			);
			buildRules = (
			);
			dependencies = (
			);
			name = "SwiftUI-Weather";
			productName = "SwiftUI-Weather";
			productReference = FE0921EB2C58DF5D00C20170 /* SwiftUI-Weather.app */;
			productType = "com.apple.product-type.application";
		};
		FE0921FA2C58DF5F00C20170 /* SwiftUI-WeatherTests */ = {
			isa = PBXNativeTarget;
			buildConfigurationList = FE0922122C58DF5F00C20170 /* Build configuration list for PBXNativeTarget "SwiftUI-WeatherTests" */;
			buildPhases = (
				FE0921F72C58DF5F00C20170 /* Sources */,
				FE0921F82C58DF5F00C20170 /* Frameworks */,
				FE0921F92C58DF5F00C20170 /* Resources */,
			);
			buildRules = (
			);
			dependencies = (
				FE0921FD2C58DF5F00C20170 /* PBXTargetDependency */,
			);
			name = "SwiftUI-WeatherTests";
			productName = "SwiftUI-WeatherTests";
			productReference = FE0921FB2C58DF5F00C20170 /* SwiftUI-WeatherTests.xctest */;
			productType = "com.apple.product-type.bundle.unit-test";
		};
		FE0922042C58DF5F00C20170 /* SwiftUI-WeatherUITests */ = {
			isa = PBXNativeTarget;
			buildConfigurationList = FE0922152C58DF5F00C20170 /* Build configuration list for PBXNativeTarget "SwiftUI-WeatherUITests" */;
			buildPhases = (
				FE0922012C58DF5F00C20170 /* Sources */,
				FE0922022C58DF5F00C20170 /* Frameworks */,
				FE0922032C58DF5F00C20170 /* Resources */,
			);
			buildRules = (
			);
			dependencies = (
				FE0922072C58DF5F00C20170 /* PBXTargetDependency */,
			);
			name = "SwiftUI-WeatherUITests";
			productName = "SwiftUI-WeatherUITests";
			productReference = FE0922052C58DF5F00C20170 /* SwiftUI-WeatherUITests.xctest */;
			productType = "com.apple.product-type.bundle.ui-testing";
		};
/* End PBXNativeTarget section */

/* Begin PBXProject section */
		FE0921E32C58DF5D00C20170 /* Project object */ = {
			isa = PBXProject;
			attributes = {
				BuildIndependentTargetsInParallel = 1;
				LastSwiftUpdateCheck = 1420;
				LastUpgradeCheck = 1420;
				TargetAttributes = {
					FE0921EA2C58DF5D00C20170 = {
						CreatedOnToolsVersion = 14.2;
					};
					FE0921FA2C58DF5F00C20170 = {
						CreatedOnToolsVersion = 14.2;
						TestTargetID = FE0921EA2C58DF5D00C20170;
					};
					FE0922042C58DF5F00C20170 = {
						CreatedOnToolsVersion = 14.2;
						TestTargetID = FE0921EA2C58DF5D00C20170;
					};
				};
			};
			buildConfigurationList = FE0921E62C58DF5D00C20170 /* Build configuration list for PBXProject "SwiftUI-Weather" */;
			compatibilityVersion = "Xcode 14.0";
			developmentRegion = en;
			hasScannedForEncodings = 0;
			knownRegions = (
				en,
				Base,
			);
			mainGroup = FE0921E22C58DF5D00C20170;
			productRefGroup = FE0921EC2C58DF5D00C20170 /* Products */;
			projectDirPath = "";
			projectRoot = "";
			targets = (
				FE0921EA2C58DF5D00C20170 /* SwiftUI-Weather */,
				FE0921FA2C58DF5F00C20170 /* SwiftUI-WeatherTests */,
				FE0922042C58DF5F00C20170 /* SwiftUI-WeatherUITests */,
			);
		};
/* End PBXProject section */

/* Begin PBXResourcesBuildPhase section */
		FE0921E92C58DF5D00C20170 /* Resources */ = {
			isa = PBXResourcesBuildPhase;
			buildActionMask = 2147483647;
			files = (
				FE0921F62C58DF5F00C20170 /* Preview Assets.xcassets in Resources */,
				FE0921F32C58DF5F00C20170 /* Assets.xcassets in Resources */,
			);
			runOnlyForDeploymentPostprocessing = 0;
		};
		FE0921F92C58DF5F00C20170 /* Resources */ = {
			isa = PBXResourcesBuildPhase;
			buildActionMask = 2147483647;
			files = (
			);
			runOnlyForDeploymentPostprocessing = 0;
		};
		FE0922032C58DF5F00C20170 /* Resources */ = {
			isa = PBXResourcesBuildPhase;
			buildActionMask = 2147483647;
			files = (
			);
			runOnlyForDeploymentPostprocessing = 0;
		};
/* End PBXResourcesBuildPhase section */

/* Begin PBXSourcesBuildPhase section */
		FE0921E72C58DF5D00C20170 /* Sources */ = {
			isa = PBXSourcesBuildPhase;
			buildActionMask = 2147483647;
			files = (
				FE0921F12C58DF5D00C20170 /* ContentView.swift in Sources */,
				FE0921EF2C58DF5D00C20170 /* SwiftUI_WeatherApp.swift in Sources */,
			);
			runOnlyForDeploymentPostprocessing = 0;
		};
		FE0921F72C58DF5F00C20170 /* Sources */ = {
			isa = PBXSourcesBuildPhase;
			buildActionMask = 2147483647;
			files = (
				FE0922002C58DF5F00C20170 /* SwiftUI_WeatherTests.swift in Sources */,
			);
			runOnlyForDeploymentPostprocessing = 0;
		};
		FE0922012C58DF5F00C20170 /* Sources */ = {
			isa = PBXSourcesBuildPhase;
			buildActionMask = 2147483647;
			files = (
				FE09220A2C58DF5F00C20170 /* SwiftUI_WeatherUITests.swift in Sources */,
				FE09220C2C58DF5F00C20170 /* SwiftUI_WeatherUITestsLaunchTests.swift in Sources */,
			);
			runOnlyForDeploymentPostprocessing = 0;
		};
/* End PBXSourcesBuildPhase section */

/* Begin PBXTargetDependency section */
		FE0921FD2C58DF5F00C20170 /* PBXTargetDependency */ = {
			isa = PBXTargetDependency;
			target = FE0921EA2C58DF5D00C20170 /* SwiftUI-Weather */;
			targetProxy = FE0921FC2C58DF5F00C20170 /* PBXContainerItemProxy */;
		};
		FE0922072C58DF5F00C20170 /* PBXTargetDependency */ = {
			isa = PBXTargetDependency;
			target = FE0921EA2C58DF5D00C20170 /* SwiftUI-Weather */;
			targetProxy = FE0922062C58DF5F00C20170 /* PBXContainerItemProxy */;
		};
/* End PBXTargetDependency section */

/* Begin XCBuildConfiguration section */
		FE09220D2C58DF5F00C20170 /* Debug */ = {
			isa = XCBuildConfiguration;
			buildSettings = {
				ALWAYS_SEARCH_USER_PATHS = NO;
				CLANG_ANALYZER_NONNULL = YES;
				CLANG_ANALYZER_NUMBER_OBJECT_CONVERSION = YES_AGGRESSIVE;
				CLANG_CXX_LANGUAGE_STANDARD = "gnu++20";
				CLANG_ENABLE_MODULES = YES;
				CLANG_ENABLE_OBJC_ARC = YES;
				CLANG_ENABLE_OBJC_WEAK = YES;
				CLANG_WARN_BLOCK_CAPTURE_AUTORELEASING = YES;
				CLANG_WARN_BOOL_CONVERSION = YES;
				CLANG_WARN_COMMA = YES;
				CLANG_WARN_CONSTANT_CONVERSION = YES;
				CLANG_WARN_DEPRECATED_OBJC_IMPLEMENTATIONS = YES;
				CLANG_WARN_DIRECT_OBJC_ISA_USAGE = YES_ERROR;
				CLANG_WARN_DOCUMENTATION_COMMENTS = YES;
				CLANG_WARN_EMPTY_BODY = YES;
				CLANG_WARN_ENUM_CONVERSION = YES;
				CLANG_WARN_INFINITE_RECURSION = YES;
				CLANG_WARN_INT_CONVERSION = YES;
				CLANG_WARN_NON_LITERAL_NULL_CONVERSION = YES;
				CLANG_WARN_OBJC_IMPLICIT_RETAIN_SELF = YES;
				CLANG_WARN_OBJC_LITERAL_CONVERSION = YES;
				CLANG_WARN_OBJC_ROOT_CLASS = YES_ERROR;
				CLANG_WARN_QUOTED_INCLUDE_IN_FRAMEWORK_HEADER = YES;
				CLANG_WARN_RANGE_LOOP_ANALYSIS = YES;
				CLANG_WARN_STRICT_PROTOTYPES = YES;
				CLANG_WARN_SUSPICIOUS_MOVE = YES;
				CLANG_WARN_UNGUARDED_AVAILABILITY = YES_AGGRESSIVE;
				CLANG_WARN_UNREACHABLE_CODE = YES;
				CLANG_WARN__DUPLICATE_METHOD_MATCH = YES;
				COPY_PHASE_STRIP = NO;
				DEBUG_INFORMATION_FORMAT = dwarf;
				ENABLE_STRICT_OBJC_MSGSEND = YES;
				ENABLE_TESTABILITY = YES;
				GCC_C_LANGUAGE_STANDARD = gnu11;
				GCC_DYNAMIC_NO_PIC = NO;
				GCC_NO_COMMON_BLOCKS = YES;
				GCC_OPTIMIZATION_LEVEL = 0;
				GCC_PREPROCESSOR_DEFINITIONS = (
					"DEBUG=1",
					"$(inherited)",
				);
				GCC_WARN_64_TO_32_BIT_CONVERSION = YES;
				GCC_WARN_ABOUT_RETURN_TYPE = YES_ERROR;
				GCC_WARN_UNDECLARED_SELECTOR = YES;
				GCC_WARN_UNINITIALIZED_AUTOS = YES_AGGRESSIVE;
				GCC_WARN_UNUSED_FUNCTION = YES;
				GCC_WARN_UNUSED_VARIABLE = YES;
				IPHONEOS_DEPLOYMENT_TARGET = 16.2;
				MTL_ENABLE_DEBUG_INFO = INCLUDE_SOURCE;
				MTL_FAST_MATH = YES;
				ONLY_ACTIVE_ARCH = YES;
				SDKROOT = iphoneos;
				SWIFT_ACTIVE_COMPILATION_CONDITIONS = DEBUG;
				SWIFT_OPTIMIZATION_LEVEL = "-Onone";
			};
			name = Debug;
		};
		FE09220E2C58DF5F00C20170 /* Release */ = {
			isa = XCBuildConfiguration;
			buildSettings = {
				ALWAYS_SEARCH_USER_PATHS = NO;
				CLANG_ANALYZER_NONNULL = YES;
				CLANG_ANALYZER_NUMBER_OBJECT_CONVERSION = YES_AGGRESSIVE;
				CLANG_CXX_LANGUAGE_STANDARD = "gnu++20";
				CLANG_ENABLE_MODULES = YES;
				CLANG_ENABLE_OBJC_ARC = YES;
				CLANG_ENABLE_OBJC_WEAK = YES;
				CLANG_WARN_BLOCK_CAPTURE_AUTORELEASING = YES;
				CLANG_WARN_BOOL_CONVERSION = YES;
				CLANG_WARN_COMMA = YES;
				CLANG_WARN_CONSTANT_CONVERSION = YES;
				CLANG_WARN_DEPRECATED_OBJC_IMPLEMENTATIONS = YES;
				CLANG_WARN_DIRECT_OBJC_ISA_USAGE = YES_ERROR;
				CLANG_WARN_DOCUMENTATION_COMMENTS = YES;
				CLANG_WARN_EMPTY_BODY = YES;
				CLANG_WARN_ENUM_CONVERSION = YES;
				CLANG_WARN_INFINITE_RECURSION = YES;
				CLANG_WARN_INT_CONVERSION = YES;
				CLANG_WARN_NON_LITERAL_NULL_CONVERSION = YES;
				CLANG_WARN_OBJC_IMPLICIT_RETAIN_SELF = YES;
				CLANG_WARN_OBJC_LITERAL_CONVERSION = YES;
				CLANG_WARN_OBJC_ROOT_CLASS = YES_ERROR;
				CLANG_WARN_QUOTED_INCLUDE_IN_FRAMEWORK_HEADER = YES;
				CLANG_WARN_RANGE_LOOP_ANALYSIS = YES;
				CLANG_WARN_STRICT_PROTOTYPES = YES;
				CLANG_WARN_SUSPICIOUS_MOVE = YES;
				CLANG_WARN_UNGUARDED_AVAILABILITY = YES_AGGRESSIVE;
				CLANG_WARN_UNREACHABLE_CODE = YES;
				CLANG_WARN__DUPLICATE_METHOD_MATCH = YES;
				COPY_PHASE_STRIP = NO;
				DEBUG_INFORMATION_FORMAT = "dwarf-with-dsym";
				ENABLE_NS_ASSERTIONS = NO;
				ENABLE_STRICT_OBJC_MSGSEND = YES;
				GCC_C_LANGUAGE_STANDARD = gnu11;
				GCC_NO_COMMON_BLOCKS = YES;
				GCC_WARN_64_TO_32_BIT_CONVERSION = YES;
				GCC_WARN_ABOUT_RETURN_TYPE = YES_ERROR;
				GCC_WARN_UNDECLARED_SELECTOR = YES;
				GCC_WARN_UNINITIALIZED_AUTOS = YES_AGGRESSIVE;
				GCC_WARN_UNUSED_FUNCTION = YES;
				GCC_WARN_UNUSED_VARIABLE = YES;
				IPHONEOS_DEPLOYMENT_TARGET = 16.2;
				MTL_ENABLE_DEBUG_INFO = NO;
				MTL_FAST_MATH = YES;
				SDKROOT = iphoneos;
				SWIFT_COMPILATION_MODE = wholemodule;
				SWIFT_OPTIMIZATION_LEVEL = "-O";
				VALIDATE_PRODUCT = YES;
			};
			name = Release;
		};
		FE0922102C58DF5F00C20170 /* Debug */ = {
			isa = XCBuildConfiguration;
			buildSettings = {
				ASSETCATALOG_COMPILER_APPICON_NAME = AppIcon;
				ASSETCATALOG_COMPILER_GLOBAL_ACCENT_COLOR_NAME = AccentColor;
				CODE_SIGN_STYLE = Automatic;
				CURRENT_PROJECT_VERSION = 1;
				DEVELOPMENT_ASSET_PATHS = "\"SwiftUI-Weather/Preview Content\"";
				DEVELOPMENT_TEAM = 74A56F4B9J;
				ENABLE_PREVIEWS = YES;
				GENERATE_INFOPLIST_FILE = YES;
				INFOPLIST_KEY_UIApplicationSceneManifest_Generation = YES;
				INFOPLIST_KEY_UIApplicationSupportsIndirectInputEvents = YES;
				INFOPLIST_KEY_UILaunchScreen_Generation = YES;
				INFOPLIST_KEY_UISupportedInterfaceOrientations_iPad = "UIInterfaceOrientationPortrait UIInterfaceOrientationPortraitUpsideDown UIInterfaceOrientationLandscapeLeft UIInterfaceOrientationLandscapeRight";
				INFOPLIST_KEY_UISupportedInterfaceOrientations_iPhone = "UIInterfaceOrientationPortrait UIInterfaceOrientationLandscapeLeft UIInterfaceOrientationLandscapeRight";
				LD_RUNPATH_SEARCH_PATHS = (
					"$(inherited)",
					"@executable_path/Frameworks",
				);
				MARKETING_VERSION = 1.0;
				PRODUCT_BUNDLE_IDENTIFIER = "co.eugeneobare.SwiftUI-Weather";
				PRODUCT_NAME = "$(TARGET_NAME)";
				SWIFT_EMIT_LOC_STRINGS = YES;
				SWIFT_VERSION = 5.0;
				TARGETED_DEVICE_FAMILY = "1,2";
			};
			name = Debug;
		};
		FE0922112C58DF5F00C20170 /* Release */ = {
			isa = XCBuildConfiguration;
			buildSettings = {
				ASSETCATALOG_COMPILER_APPICON_NAME = AppIcon;
				ASSETCATALOG_COMPILER_GLOBAL_ACCENT_COLOR_NAME = AccentColor;
				CODE_SIGN_STYLE = Automatic;
				CURRENT_PROJECT_VERSION = 1;
				DEVELOPMENT_ASSET_PATHS = "\"SwiftUI-Weather/Preview Content\"";
				DEVELOPMENT_TEAM = 74A56F4B9J;
				ENABLE_PREVIEWS = YES;
				GENERATE_INFOPLIST_FILE = YES;
				INFOPLIST_KEY_UIApplicationSceneManifest_Generation = YES;
				INFOPLIST_KEY_UIApplicationSupportsIndirectInputEvents = YES;
				INFOPLIST_KEY_UILaunchScreen_Generation = YES;
				INFOPLIST_KEY_UISupportedInterfaceOrientations_iPad = "UIInterfaceOrientationPortrait UIInterfaceOrientationPortraitUpsideDown UIInterfaceOrientationLandscapeLeft UIInterfaceOrientationLandscapeRight";
				INFOPLIST_KEY_UISupportedInterfaceOrientations_iPhone = "UIInterfaceOrientationPortrait UIInterfaceOrientationLandscapeLeft UIInterfaceOrientationLandscapeRight";
				LD_RUNPATH_SEARCH_PATHS = (
					"$(inherited)",
					"@executable_path/Frameworks",
				);
				MARKETING_VERSION = 1.0;
				PRODUCT_BUNDLE_IDENTIFIER = "co.eugeneobare.SwiftUI-Weather";
				PRODUCT_NAME = "$(TARGET_NAME)";
				SWIFT_EMIT_LOC_STRINGS = YES;
				SWIFT_VERSION = 5.0;
				TARGETED_DEVICE_FAMILY = "1,2";
			};
			name = Release;
		};
		FE0922132C58DF5F00C20170 /* Debug */ = {
			isa = XCBuildConfiguration;
			buildSettings = {
				ALWAYS_EMBED_SWIFT_STANDARD_LIBRARIES = YES;
				BUNDLE_LOADER = "$(TEST_HOST)";
				CODE_SIGN_STYLE = Automatic;
				CURRENT_PROJECT_VERSION = 1;
				DEVELOPMENT_TEAM = 74A56F4B9J;
				GENERATE_INFOPLIST_FILE = YES;
				IPHONEOS_DEPLOYMENT_TARGET = 16.2;
				MARKETING_VERSION = 1.0;
				PRODUCT_BUNDLE_IDENTIFIER = "co.eugeneobare.SwiftUI-WeatherTests";
				PRODUCT_NAME = "$(TARGET_NAME)";
				SWIFT_EMIT_LOC_STRINGS = NO;
				SWIFT_VERSION = 5.0;
				TARGETED_DEVICE_FAMILY = "1,2";
				TEST_HOST = "$(BUILT_PRODUCTS_DIR)/SwiftUI-Weather.app/$(BUNDLE_EXECUTABLE_FOLDER_PATH)/SwiftUI-Weather";
			};
			name = Debug;
		};
		FE0922142C58DF5F00C20170 /* Release */ = {
			isa = XCBuildConfiguration;
			buildSettings = {
				ALWAYS_EMBED_SWIFT_STANDARD_LIBRARIES = YES;
				BUNDLE_LOADER = "$(TEST_HOST)";
				CODE_SIGN_STYLE = Automatic;
				CURRENT_PROJECT_VERSION = 1;
				DEVELOPMENT_TEAM = 74A56F4B9J;
				GENERATE_INFOPLIST_FILE = YES;
				IPHONEOS_DEPLOYMENT_TARGET = 16.2;
				MARKETING_VERSION = 1.0;
				PRODUCT_BUNDLE_IDENTIFIER = "co.eugeneobare.SwiftUI-WeatherTests";
				PRODUCT_NAME = "$(TARGET_NAME)";
				SWIFT_EMIT_LOC_STRINGS = NO;
				SWIFT_VERSION = 5.0;
				TARGETED_DEVICE_FAMILY = "1,2";
				TEST_HOST = "$(BUILT_PRODUCTS_DIR)/SwiftUI-Weather.app/$(BUNDLE_EXECUTABLE_FOLDER_PATH)/SwiftUI-Weather";
			};
			name = Release;
		};
		FE0922162C58DF5F00C20170 /* Debug */ = {
			isa = XCBuildConfiguration;
			buildSettings = {
				ALWAYS_EMBED_SWIFT_STANDARD_LIBRARIES = YES;
				CODE_SIGN_STYLE = Automatic;
				CURRENT_PROJECT_VERSION = 1;
				DEVELOPMENT_TEAM = 74A56F4B9J;
				GENERATE_INFOPLIST_FILE = YES;
				MARKETING_VERSION = 1.0;
				PRODUCT_BUNDLE_IDENTIFIER = "co.eugeneobare.SwiftUI-WeatherUITests";
				PRODUCT_NAME = "$(TARGET_NAME)";
				SWIFT_EMIT_LOC_STRINGS = NO;
				SWIFT_VERSION = 5.0;
				TARGETED_DEVICE_FAMILY = "1,2";
				TEST_TARGET_NAME = "SwiftUI-Weather";
			};
			name = Debug;
		};
		FE0922172C58DF5F00C20170 /* Release */ = {
			isa = XCBuildConfiguration;
			buildSettings = {
				ALWAYS_EMBED_SWIFT_STANDARD_LIBRARIES = YES;
				CODE_SIGN_STYLE = Automatic;
				CURRENT_PROJECT_VERSION = 1;
				DEVELOPMENT_TEAM = 74A56F4B9J;
				GENERATE_INFOPLIST_FILE = YES;
				MARKETING_VERSION = 1.0;
				PRODUCT_BUNDLE_IDENTIFIER = "co.eugeneobare.SwiftUI-WeatherUITests";
				PRODUCT_NAME = "$(TARGET_NAME)";
				SWIFT_EMIT_LOC_STRINGS = NO;
				SWIFT_VERSION = 5.0;
				TARGETED_DEVICE_FAMILY = "1,2";
				TEST_TARGET_NAME = "SwiftUI-Weather";
			};
			name = Release;
		};
/* End XCBuildConfiguration section */

/* Begin XCConfigurationList section */
		FE0921E62C58DF5D00C20170 /* Build configuration list for PBXProject "SwiftUI-Weather" */ = {
			isa = XCConfigurationList;
			buildConfigurations = (
				FE09220D2C58DF5F00C20170 /* Debug */,
				FE09220E2C58DF5F00C20170 /* Release */,
			);
			defaultConfigurationIsVisible = 0;
			defaultConfigurationName = Release;
		};
		FE09220F2C58DF5F00C20170 /* Build configuration list for PBXNativeTarget "SwiftUI-Weather" */ = {
			isa = XCConfigurationList;
			buildConfigurations = (
				FE0922102C58DF5F00C20170 /* Debug */,
				FE0922112C58DF5F00C20170 /* Release */,
			);
			defaultConfigurationIsVisible = 0;
			defaultConfigurationName = Release;
		};
		FE0922122C58DF5F00C20170 /* Build configuration list for PBXNativeTarget "SwiftUI-WeatherTests" */ = {
			isa = XCConfigurationList;
			buildConfigurations = (
				FE0922132C58DF5F00C20170 /* Debug */,
				FE0922142C58DF5F00C20170 /* Release */,
			);
			defaultConfigurationIsVisible = 0;
			defaultConfigurationName = Release;
		};
		FE0922152C58DF5F00C20170 /* Build configuration list for PBXNativeTarget "SwiftUI-WeatherUITests" */ = {
			isa = XCConfigurationList;
			buildConfigurations = (
				FE0922162C58DF5F00C20170 /* Debug */,
				FE0922172C58DF5F00C20170 /* Release */,
			);
			defaultConfigurationIsVisible = 0;
			defaultConfigurationName = Release;
		};
/* End XCConfigurationList section */
	};
	rootObject = FE0921E32C58DF5D00C20170 /* Project object */;
}
